speakeasyVersion: 1.401.4
sources:
    my-source:
        sourceNamespace: my-source
        sourceRevisionDigest: sha256:eacef62629ebc564b8234a7c34fbeaac25283252087bb94d0ca3070261202d3b
        sourceBlobDigest: sha256:d381055f92cce103e8bd74a08b227de17950d63394bdf06c5d5e0709fb8d9fa8
        tags:
            - latest
            - main
targets:
    formance:
        source: my-source
        sourceNamespace: my-source
        sourceRevisionDigest: sha256:eacef62629ebc564b8234a7c34fbeaac25283252087bb94d0ca3070261202d3b
        sourceBlobDigest: sha256:d381055f92cce103e8bd74a08b227de17950d63394bdf06c5d5e0709fb8d9fa8
workflow:
    workflowVersion: 1.0.0
    speakeasyVersion: latest
    sources:
        my-source:
            inputs:
                - location: https://github.com/formancehq/stack/releases/download/v2.1.0-beta.2/generate.json
            registry:
                location: registry.speakeasyapi.dev/formance/formance/my-source
    targets:
        formance:
            target: csharp
            source: my-source
            publish:
                nuget:
                    apiKey: $nuget_api_key
