speakeasyVersion: 1.768.2
sources:
    stacks-source:
        sourceNamespace: stacks-source
        sourceRevisionDigest: sha256:c85e21f1f000f0409f58d4ace7aaac0d708f4577a19b638347b41dd37e19f317
        sourceBlobDigest: sha256:24159a4c5e03fd9ebc0727cecb2bff5ed6695d519aeb3fe80346af6ce1fabcfa
        tags:
            - latest
targets:
    formance:
        source: stacks-source
        sourceNamespace: stacks-source
        sourceRevisionDigest: sha256:c85e21f1f000f0409f58d4ace7aaac0d708f4577a19b638347b41dd37e19f317
        sourceBlobDigest: sha256:24159a4c5e03fd9ebc0727cecb2bff5ed6695d519aeb3fe80346af6ce1fabcfa
        codeSamplesNamespace: stacks-source-csharp-code-samples
        codeSamplesRevisionDigest: sha256:aeaf53d2e8f4cece7951489c5b8f79bfe62180b2a5cf4fa6971b2a1a8917599b
workflow:
    workflowVersion: 1.0.0
    speakeasyVersion: latest
    sources:
        stacks-source:
            inputs:
                - location: registry.speakeasyapi.dev/formance/formance/stacks-source@LATEST_RELEASE
            registry:
                location: registry.speakeasyapi.dev/formance/formance/stacks-source
    targets:
        formance:
            target: csharp
            source: stacks-source
            publish:
                nuget:
                    apiKey: $nuget_api_key
            codeSamples:
                registry:
                    location: registry.speakeasyapi.dev/formance/formance/stacks-source-csharp-code-samples
                labelOverride:
                    fixedValue: Csharp (SDK)
                blocking: false
