speakeasyVersion: 1.770.0
sources:
    stacks-source:
        sourceNamespace: stacks-source
        sourceRevisionDigest: sha256:e21e54e7818b64f5bd5b04dc7d0f16434b7d6cd22ec399eab0b8b4353ca72c21
        sourceBlobDigest: sha256:bab4ef7cb2db033bdbfea628f9fa8831eea64b2990bdc91e35552809d3497e9b
        tags:
            - latest
targets:
    formance:
        source: stacks-source
        sourceNamespace: stacks-source
        sourceRevisionDigest: sha256:e21e54e7818b64f5bd5b04dc7d0f16434b7d6cd22ec399eab0b8b4353ca72c21
        sourceBlobDigest: sha256:bab4ef7cb2db033bdbfea628f9fa8831eea64b2990bdc91e35552809d3497e9b
        codeSamplesNamespace: stacks-source-csharp-code-samples
        codeSamplesRevisionDigest: sha256:95cd1b33372068d10b4e54778856daab827875dbd851f5a61f1cbb3bfdf5c121
workflow:
    workflowVersion: 1.0.0
    speakeasyVersion: 1.770.0
    sources:
        stacks-source:
            inputs:
                - location: registry.speakeasyapi.dev/formance/formance/stacks-source@LATEST_RELEASE
            registry:
                location: registry.speakeasyapi.dev/formance/formance/stacks-source
    targets:
        formance:
            target: csharp
            source: stacks-source
            publish:
                nuget:
                    apiKey: $nuget_api_key
            codeSamples:
                registry:
                    location: registry.speakeasyapi.dev/formance/formance/stacks-source-csharp-code-samples
                labelOverride:
                    fixedValue: Csharp (SDK)
                blocking: false
